
Microsoft Visual Studio Solution File, Format Version 12.00
# Visual Studio Version 16
VisualStudioVersion = 16.0.30523.141
MinimumVisualStudioVersion = 10.0.40219.1
Project("{FAE04EC0-301F-11D3-BF4B-00C04F79EFBC}") = "Task", "Task\Task.csproj", "{8DE2DF42-4099-4C82-9436-FBCFE348EDAF}"
EndProject
Global
	GlobalSection(SolutionConfigurationPlatforms) = preSolution
		Debug|Any CPU = Debug|Any CPU
		Release|Any CPU = Release|Any CPU
	EndGlobalSection
	GlobalSection(ProjectConfigurationPlatforms) = postSolution
		{8DE2DF42-4099-4C82-9436-FBCFE348EDAF}.Debug|Any CPU.ActiveCfg = Debug|Any CPU
		{8DE2DF42-4099-4C82-9436-FBCFE348EDAF}.Debug|Any CPU.Build.0 = Debug|Any CPU
		{8DE2DF42-4099-4C82-9436-FBCFE348EDAF}.Release|Any CPU.ActiveCfg = Release|Any CPU
		{8DE2DF42-4099-4C82-9436-FBCFE348EDAF}.Release|Any CPU.Build.0 = Release|Any CPU
	EndGlobalSection
	GlobalSection(SolutionProperties) = preSolution
		HideSolutionNode = FALSE
	EndGlobalSection
	GlobalSection(ExtensibilityGlobals) = postSolution
		SolutionGuid = {635AD1B1-1CB5-4F60-A2B8-CA150798DF19}
	EndGlobalSection
EndGlobal
